
Microsoft Visual Studio Solution File, Format Version 12.00
# Visual Studio Version 17
VisualStudioVersion = 17.4.33403.182
MinimumVisualStudioVersion = 10.0.40219.1
Project("{FAE04EC0-301F-11D3-BF4B-00C04F79EFBC}") = "dev-demo", "dev-demo\dev-demo.csproj", "{F134E646-CAF0-4A8D-B333-58B17B90FEFC}"
EndProject
Project("{2150E333-8FDC-42A3-9474-1A3956D46DE8}") = "解决方案项", "解决方案项", "{63B957DA-5275-4A84-8513-9E839F3E8C94}"
	ProjectSection(SolutionItems) = preProject
		.gitignore = .gitignore
	EndProjectSection
EndProject
Project("{FAE04EC0-301F-11D3-BF4B-00C04F79EFBC}") = "CaiNiaoPostStation.BLL", "CaiNiaoPostStation.BLL\CaiNiaoPostStation.BLL.csproj", "{B6536233-E07F-4276-AA3E-2AA8806A4F91}"
EndProject
Project("{FAE04EC0-301F-11D3-BF4B-00C04F79EFBC}") = "CaiNiaoPostStation.DAL", "CaiNiaoPostStation.DAL\CaiNiaoPostStation.DAL.csproj", "{8AAB50EC-343B-45E3-B15B-DAFC64A956D7}"
EndProject
Project("{FAE04EC0-301F-11D3-BF4B-00C04F79EFBC}") = "CaiNiaoPostStation.Models", "CaiNiaoPostStation.Models\CaiNiaoPostStation.Models.csproj", "{8619CA14-3F04-488F-BCA3-896FD5908960}"
EndProject
Project("{FAE04EC0-301F-11D3-BF4B-00C04F79EFBC}") = "Common", "Common\Common.csproj", "{9789883A-9311-4CA9-9BE5-A412FE47EB6B}"
EndProject
Global
	GlobalSection(SolutionConfigurationPlatforms) = preSolution
		Debug|Any CPU = Debug|Any CPU
		Release|Any CPU = Release|Any CPU
	EndGlobalSection
	GlobalSection(ProjectConfigurationPlatforms) = postSolution
		{F134E646-CAF0-4A8D-B333-58B17B90FEFC}.Debug|Any CPU.ActiveCfg = Debug|Any CPU
		{F134E646-CAF0-4A8D-B333-58B17B90FEFC}.Debug|Any CPU.Build.0 = Debug|Any CPU
		{F134E646-CAF0-4A8D-B333-58B17B90FEFC}.Release|Any CPU.ActiveCfg = Release|Any CPU
		{F134E646-CAF0-4A8D-B333-58B17B90FEFC}.Release|Any CPU.Build.0 = Release|Any CPU
		{B6536233-E07F-4276-AA3E-2AA8806A4F91}.Debug|Any CPU.ActiveCfg = Debug|Any CPU
		{B6536233-E07F-4276-AA3E-2AA8806A4F91}.Debug|Any CPU.Build.0 = Debug|Any CPU
		{B6536233-E07F-4276-AA3E-2AA8806A4F91}.Release|Any CPU.ActiveCfg = Release|Any CPU
		{B6536233-E07F-4276-AA3E-2AA8806A4F91}.Release|Any CPU.Build.0 = Release|Any CPU
		{8AAB50EC-343B-45E3-B15B-DAFC64A956D7}.Debug|Any CPU.ActiveCfg = Debug|Any CPU
		{8AAB50EC-343B-45E3-B15B-DAFC64A956D7}.Debug|Any CPU.Build.0 = Debug|Any CPU
		{8AAB50EC-343B-45E3-B15B-DAFC64A956D7}.Release|Any CPU.ActiveCfg = Release|Any CPU
		{8AAB50EC-343B-45E3-B15B-DAFC64A956D7}.Release|Any CPU.Build.0 = Release|Any CPU
		{8619CA14-3F04-488F-BCA3-896FD5908960}.Debug|Any CPU.ActiveCfg = Debug|Any CPU
		{8619CA14-3F04-488F-BCA3-896FD5908960}.Debug|Any CPU.Build.0 = Debug|Any CPU
		{8619CA14-3F04-488F-BCA3-896FD5908960}.Release|Any CPU.ActiveCfg = Release|Any CPU
		{8619CA14-3F04-488F-BCA3-896FD5908960}.Release|Any CPU.Build.0 = Release|Any CPU
		{9789883A-9311-4CA9-9BE5-A412FE47EB6B}.Debug|Any CPU.ActiveCfg = Debug|Any CPU
		{9789883A-9311-4CA9-9BE5-A412FE47EB6B}.Debug|Any CPU.Build.0 = Debug|Any CPU
		{9789883A-9311-4CA9-9BE5-A412FE47EB6B}.Release|Any CPU.ActiveCfg = Release|Any CPU
		{9789883A-9311-4CA9-9BE5-A412FE47EB6B}.Release|Any CPU.Build.0 = Release|Any CPU
	EndGlobalSection
	GlobalSection(SolutionProperties) = preSolution
		HideSolutionNode = FALSE
	EndGlobalSection
	GlobalSection(ExtensibilityGlobals) = postSolution
		SolutionGuid = {58AC46D3-BFEF-4512-BAB8-8AD0BC2A966C}
	EndGlobalSection
EndGlobal
